
Microsoft Visual Studio Solution File, Format Version 11.00
# Visual Studio 2010
Project("{FAE04EC0-301F-11D3-BF4B-00C04F79EFBC}") = "Assembly-CSharp", "Assembly-CSharp.csproj", "{cbd11e86-c2fc-1c40-f2ee-4bb724a9eb42}"
EndProject
Project("{FAE04EC0-301F-11D3-BF4B-00C04F79EFBC}") = "Assembly-CSharp-Editor-firstpass", "Assembly-CSharp-Editor-firstpass.csproj", "{c4d8f774-63fa-c586-7213-b1b48d84eaf0}"
EndProject
Global
	GlobalSection(SolutionConfigurationPlatforms) = preSolution
		Debug|Any CPU = Debug|Any CPU
	EndGlobalSection
	GlobalSection(ProjectConfigurationPlatforms) = postSolution
		{cbd11e86-c2fc-1c40-f2ee-4bb724a9eb42}.Debug|Any CPU.ActiveCfg = Debug|Any CPU
		{cbd11e86-c2fc-1c40-f2ee-4bb724a9eb42}.Debug|Any CPU.Build.0 = Debug|Any CPU
		{c4d8f774-63fa-c586-7213-b1b48d84eaf0}.Debug|Any CPU.ActiveCfg = Debug|Any CPU
		{c4d8f774-63fa-c586-7213-b1b48d84eaf0}.Debug|Any CPU.Build.0 = Debug|Any CPU
	EndGlobalSection
	GlobalSection(SolutionProperties) = preSolution
		HideSolutionNode = FALSE
	EndGlobalSection
EndGlobal
